
Microsoft Visual Studio Solution File, Format Version 12.00
# Visual Studio Version 17
VisualStudioVersion = 17.5.33530.505
MinimumVisualStudioVersion = 10.0.40219.1
Project("{FAE04EC0-301F-11D3-BF4B-00C04F79EFBC}") = "ASPCore_MVC", "ASPCore_MVC\ASPCore_MVC.csproj", "{BBD52BE2-4417-4445-8088-2FD8711C5DC9}"
EndProject
Global
	GlobalSection(SolutionConfigurationPlatforms) = preSolution
		Debug|Any CPU = Debug|Any CPU
		Release|Any CPU = Release|Any CPU
	EndGlobalSection
	GlobalSection(ProjectConfigurationPlatforms) = postSolution
		{BBD52BE2-4417-4445-8088-2FD8711C5DC9}.Debug|Any CPU.ActiveCfg = Debug|Any CPU
		{BBD52BE2-4417-4445-8088-2FD8711C5DC9}.Debug|Any CPU.Build.0 = Debug|Any CPU
		{BBD52BE2-4417-4445-8088-2FD8711C5DC9}.Release|Any CPU.ActiveCfg = Release|Any CPU
		{BBD52BE2-4417-4445-8088-2FD8711C5DC9}.Release|Any CPU.Build.0 = Release|Any CPU
	EndGlobalSection
	GlobalSection(SolutionProperties) = preSolution
		HideSolutionNode = FALSE
	EndGlobalSection
	GlobalSection(ExtensibilityGlobals) = postSolution
		SolutionGuid = {BBCF4E17-98E9-4B7D-B2F2-23ED267D0BDB}
	EndGlobalSection
EndGlobal
